Microsoft Visual Studio Solution File, Format Version 12.00
# Visual Studio Version 17
VisualStudioVersion = 17.5.2.0
MinimumVisualStudioVersion = 10.0.40219.1
Project("{FAE04EC0-301F-11D3-BF4B-00C04F79EFBC}") = "Practice", "CSharp\Practice.csproj", "{BB25F76E-5E9B-B9B0-A673-6F55E8B7D3C7}"
EndProject
Global
	GlobalSection(SolutionConfigurationPlatforms) = preSolution
		Debug|Any CPU = Debug|Any CPU
		Release|Any CPU = Release|Any CPU
	EndGlobalSection
	GlobalSection(ProjectConfigurationPlatforms) = postSolution
		{BB25F76E-5E9B-B9B0-A673-6F55E8B7D3C7}.Debug|Any CPU.ActiveCfg = Debug|Any CPU
		{BB25F76E-5E9B-B9B0-A673-6F55E8B7D3C7}.Debug|Any CPU.Build.0 = Debug|Any CPU
		{BB25F76E-5E9B-B9B0-A673-6F55E8B7D3C7}.Release|Any CPU.ActiveCfg = Release|Any CPU
		{BB25F76E-5E9B-B9B0-A673-6F55E8B7D3C7}.Release|Any CPU.Build.0 = Release|Any CPU
	EndGlobalSection
	GlobalSection(SolutionProperties) = preSolution
		HideSolutionNode = FALSE
	EndGlobalSection
	GlobalSection(ExtensibilityGlobals) = postSolution
		SolutionGuid = {60885CDF-1FA6-4E69-9DC1-00A33556E0AF}
	EndGlobalSection
EndGlobal
